
Microsoft Visual Studio Solution File, Format Version 12.00
# Visual Studio Version 17
VisualStudioVersion = 17.1.32407.343
MinimumVisualStudioVersion = 10.0.40219.1
Project("{9A19103F-16F7-4668-BE54-9A1E7A4F7556}") = "CivLaucherDotNetCore", "CivLaucherDotNetCore.csproj", "{81B4828B-A90A-4DE0-8D3C-5AAC0F050DC0}"
EndProject
Project("{9A19103F-16F7-4668-BE54-9A1E7A4F7556}") = "ModloaderTestProject", "..\ModloaderTestProject\ModloaderTestProject.csproj", "{AA00180D-E8B7-4057-83CD-9EB75EB87D62}"
EndProject
Project("{9A19103F-16F7-4668-BE54-9A1E7A4F7556}") = "ModloaderClass", "..\ModloaderClass\ModloaderClass.csproj", "{228BE761-CE6B-4A3B-B493-F71E31E8D737}"
EndProject
Project("{FAE04EC0-301F-11D3-BF4B-00C04F79EFBC}") = "ModloaderConsole", "..\ModloaderConsole\ModloaderConsole.csproj", "{62F0A93B-9924-4636-B78A-3FAB011657E8}"
EndProject
Global
	GlobalSection(SolutionConfigurationPlatforms) = preSolution
		Debug|Any CPU = Debug|Any CPU
		Release|Any CPU = Release|Any CPU
	EndGlobalSection
	GlobalSection(ProjectConfigurationPlatforms) = postSolution
		{81B4828B-A90A-4DE0-8D3C-5AAC0F050DC0}.Debug|Any CPU.ActiveCfg = Debug|Any CPU
		{81B4828B-A90A-4DE0-8D3C-5AAC0F050DC0}.Debug|Any CPU.Build.0 = Debug|Any CPU
		{81B4828B-A90A-4DE0-8D3C-5AAC0F050DC0}.Release|Any CPU.ActiveCfg = Release|Any CPU
		{81B4828B-A90A-4DE0-8D3C-5AAC0F050DC0}.Release|Any CPU.Build.0 = Release|Any CPU
		{AA00180D-E8B7-4057-83CD-9EB75EB87D62}.Debug|Any CPU.ActiveCfg = Debug|Any CPU
		{AA00180D-E8B7-4057-83CD-9EB75EB87D62}.Debug|Any CPU.Build.0 = Debug|Any CPU
		{AA00180D-E8B7-4057-83CD-9EB75EB87D62}.Release|Any CPU.ActiveCfg = Release|Any CPU
		{AA00180D-E8B7-4057-83CD-9EB75EB87D62}.Release|Any CPU.Build.0 = Release|Any CPU
		{228BE761-CE6B-4A3B-B493-F71E31E8D737}.Debug|Any CPU.ActiveCfg = Debug|Any CPU
		{228BE761-CE6B-4A3B-B493-F71E31E8D737}.Debug|Any CPU.Build.0 = Debug|Any CPU
		{228BE761-CE6B-4A3B-B493-F71E31E8D737}.Release|Any CPU.ActiveCfg = Release|Any CPU
		{228BE761-CE6B-4A3B-B493-F71E31E8D737}.Release|Any CPU.Build.0 = Release|Any CPU
		{62F0A93B-9924-4636-B78A-3FAB011657E8}.Debug|Any CPU.ActiveCfg = Debug|Any CPU
		{62F0A93B-9924-4636-B78A-3FAB011657E8}.Debug|Any CPU.Build.0 = Debug|Any CPU
		{62F0A93B-9924-4636-B78A-3FAB011657E8}.Release|Any CPU.ActiveCfg = Release|Any CPU
		{62F0A93B-9924-4636-B78A-3FAB011657E8}.Release|Any CPU.Build.0 = Release|Any CPU
	EndGlobalSection
	GlobalSection(SolutionProperties) = preSolution
		HideSolutionNode = FALSE
	EndGlobalSection
	GlobalSection(ExtensibilityGlobals) = postSolution
		SolutionGuid = {F9F7E837-B3CD-4AA2-BE08-70AF7E471AC9}
	EndGlobalSection
EndGlobal
